
Microsoft Visual Studio Solution File, Format Version 12.00
# Visual Studio Version 16
VisualStudioVersion = 16.0.29306.81
MinimumVisualStudioVersion = 10.0.40219.1
Project("{8BC9CEB8-8B4A-11D0-8D11-00A0C91BC942}") = "MyOpenGL", "MyOpenGL\MyOpenGL.vcxproj", "{EC8F39EB-49C5-4800-BAE9-D9DCA34169BD}"
EndProject
Global
	GlobalSection(SolutionConfigurationPlatforms) = preSolution
		Debug|x64 = Debug|x64
		Debug|x86 = Debug|x86
		Release|x64 = Release|x64
		Release|x86 = Release|x86
	EndGlobalSection
	GlobalSection(ProjectConfigurationPlatforms) = postSolution
		{EC8F39EB-49C5-4800-BAE9-D9DCA34169BD}.Debug|x64.ActiveCfg = Debug|x64
		{EC8F39EB-49C5-4800-BAE9-D9DCA34169BD}.Debug|x64.Build.0 = Debug|x64
		{EC8F39EB-49C5-4800-BAE9-D9DCA34169BD}.Debug|x86.ActiveCfg = Debug|Win32
		{EC8F39EB-49C5-4800-BAE9-D9DCA34169BD}.Debug|x86.Build.0 = Debug|Win32
		{EC8F39EB-49C5-4800-BAE9-D9DCA34169BD}.Release|x64.ActiveCfg = Release|x64
		{EC8F39EB-49C5-4800-BAE9-D9DCA34169BD}.Release|x64.Build.0 = Release|x64
		{EC8F39EB-49C5-4800-BAE9-D9DCA34169BD}.Release|x86.ActiveCfg = Release|Win32
		{EC8F39EB-49C5-4800-BAE9-D9DCA34169BD}.Release|x86.Build.0 = Release|Win32
	EndGlobalSection
	GlobalSection(SolutionProperties) = preSolution
		HideSolutionNode = FALSE
	EndGlobalSection
	GlobalSection(ExtensibilityGlobals) = postSolution
		SolutionGuid = {EE436AA7-BBB6-43BB-B426-1B967717DA67}
	EndGlobalSection
EndGlobal
